
Microsoft Visual Studio Solution File, Format Version 12.00
# Visual Studio Version 17
VisualStudioVersion = 17.1.32210.238
MinimumVisualStudioVersion = 10.0.40219.1
Project("{FAE04EC0-301F-11D3-BF4B-00C04F79EFBC}") = "Bootcamp.BusquedaVacantes.BusquedaAPI", "Bootcamp.BusquedaVacantes.BusquedaAPI\Bootcamp.BusquedaVacantes.BusquedaAPI.csproj", "{835236CB-F74A-4FBC-B174-CB292AD943D8}"
EndProject
Global
	GlobalSection(SolutionConfigurationPlatforms) = preSolution
		Debug|Any CPU = Debug|Any CPU
		Release|Any CPU = Release|Any CPU
	EndGlobalSection
	GlobalSection(ProjectConfigurationPlatforms) = postSolution
		{835236CB-F74A-4FBC-B174-CB292AD943D8}.Debug|Any CPU.ActiveCfg = Debug|Any CPU
		{835236CB-F74A-4FBC-B174-CB292AD943D8}.Debug|Any CPU.Build.0 = Debug|Any CPU
		{835236CB-F74A-4FBC-B174-CB292AD943D8}.Release|Any CPU.ActiveCfg = Release|Any CPU
		{835236CB-F74A-4FBC-B174-CB292AD943D8}.Release|Any CPU.Build.0 = Release|Any CPU
	EndGlobalSection
	GlobalSection(SolutionProperties) = preSolution
		HideSolutionNode = FALSE
	EndGlobalSection
	GlobalSection(ExtensibilityGlobals) = postSolution
		SolutionGuid = {DC6333EA-A103-4EE0-AAA5-7BC3417A1F47}
	EndGlobalSection
EndGlobal
